[[package]]
name = "grpcio"
version = "1.48.1"
description = "HTTP/2-based RPC framework"
category = "main"
optional = false
python-versions = ">=3.6"

[package.dependencies]
six = ">=1.5.2"

[package.extras]
protobuf = ["grpcio-tools (>=1.48.1)"]

[[package]]
name = "grpcio-tools"
version = "1.48.1"
description = "Protobuf code generator for gRPC"
category = "dev"
optional = false
python-versions = ">=3.6"

[package.dependencies]
grpcio = ">=1.48.1"
protobuf = ">=3.12.0,<4.0dev"
setuptools = "*"

[[package]]
name = "protobuf"
version = "3.20.3"
description = "Protocol Buffers"
category = "dev"
optional = false
python-versions = ">=3.7"

[[package]]
name = "setuptools"
version = "65.4.1"
description = "Easily download, build, install, upgrade, and uninstall Python packages"
category = "dev"
optional = false
python-versions = ">=3.7"

[package.extras]
docs = ["furo", "jaraco.packaging (>=9)", "jaraco.tidelift (>=1.4)", "pygments-github-lexers (==0.0.5)", "rst.linker (>=1.9)", "sphinx (>=3.5)", "sphinx-favicon", "sphinx-hoverxref (<2)", "sphinx-inline-tabs", "sphinx-notfound-page (==0.8.3)", "sphinx-reredirects", "sphinxcontrib-towncrier"]
testing = ["build[virtualenv]", "filelock (>=3.4.0)", "flake8 (<5)", "flake8-2020", "ini2toml[lite] (>=0.9)", "jaraco.envs (>=2.2)", "jaraco.path (>=3.2.0)", "mock", "pip (>=19.1)", "pip-run (>=8.8)", "pytest (>=6)", "pytest-black (>=0.3.7)", "pytest-checkdocs (>=2.4)", "pytest-cov", "pytest-enabler (>=1.3)", "pytest-flake8", "pytest-mypy (>=0.9.1)", "pytest-perf", "pytest-xdist", "tomli-w (>=1.0.0)", "virtualenv (>=13.0.0)", "wheel"]
testing-integration = ["build[virtualenv]", "filelock (>=3.4.0)", "jaraco.envs (>=2.2)", "jaraco.path (>=3.2.0)", "pytest", "pytest-enabler", "pytest-xdist", "tomli", "virtualenv (>=13.0.0)", "wheel"]

[[package]]
name = "six"
version = "1.16.0"
description = "Python 2 and 3 compatibility utilities"
category = "main"
optional = false
python-versions = ">=2.7, !=3.0.*, !=3.1.*, !=3.2.*"

[metadata]
lock-version = "1.1"
python-versions = "^3.10"
content-hash = "ea38f980237ba5cbd6849a728435e118249d3c1b63d0cd9ee0ab44a9ebae816c"

[metadata.files]
grpcio = [
    {file = "grpcio-1.48.1-cp310-cp310-linux_armv7l.whl", hash = "sha256:19f9c021ae858d3ef6d5ec4c0acf3f0b0a61e599e5aa36c36943c209520a0e66"},
    {file = "grpcio-1.48.1-cp310-cp310-macosx_10_10_x86_64.whl", hash = "sha256:b0fa666fecdb1b118d37823937e9237afa17fe734fc4dbe6dd642e1e4cca0246"},
    {file = "grpcio-1.48.1-cp310-cp310-manylinux_2_17_aarch64.whl", hash = "sha256:a661d4b9b314327dec1e92ed57e591e8e5eb055700e0ba9e9687f734d922dcb6"},
    {file = "grpcio-1.48.1-cp310-cp310-manylinux_2_17_i686.manylinux2014_i686.whl", hash = "sha256:598c8c42420443c55431eba1821c7a2f72707f1ff674a4de9e0bb03282923cfb"},
    {file = "grpcio-1.48.1-cp310-cp310-manylinux_2_17_x86_64.manylinux2014_x86_64.whl", hash = "sha256:1c924d4e0493fd536ba3b82584b370e8b3c809ef341f9f828cff2dc3c761b3ab"},
    {file = "grpcio-1.48.1-cp310-cp310-musllinux_1_1_i686.whl", hash = "sha256:a5edbcb8289681fcb5ded7542f2b7dd456489e83007a95e32fcaf55e9f18603e"},
    {file = "grpcio-1.48.1-cp310-cp310-musllinux_1_1_x86_64.whl", hash = "sha256:9d116106cf220c79e91595523c893f1cf09ec0c2ea49de4fb82152528b7e6833"},
    {file = "grpcio-1.48.1-cp310-cp310-win32.whl", hash = "sha256:5d81cd3c161291339ed3b469250c2f5013c3083dea7796e93aedff8f05fdcec1"},
    {file = "grpcio-1.48.1-cp310-cp310-win_amd64.whl", hash = "sha256:d751f8beb383c4a5a95625d7ccc1ab183b98b02c6a88924814ea7fbff530872d"},
    {file = "grpcio-1.48.1-cp36-cp36m-linux_armv7l.whl", hash = "sha256:1471e6f25a8e47d9f88499f48c565fc5b2876e8ee91bfb0ff33eaadd188b7ea6"},
    {file = "grpcio-1.48.1-cp36-cp36m-macosx_10_10_x86_64.whl", hash = "sha256:9fba1d0ba7cf56811728f1951c800a9aca6677e86433c5e353f2cc2c4039fda6"},
    {file = "grpcio-1.48.1-cp36-cp36m-manylinux_2_17_aarch64.whl", hash = "sha256:f3a99ed422c38bd1bc893cb2cb2cea6d64173ec30927f699e95f5f58bdf625cf"},
    {file = "grpcio-1.48.1-cp36-cp36m-manylinux_2_17_i686.manylinux2014_i686.whl", hash = "sha256:b005502c59835f9ba3c3f8742f64c19eeb3db41eae1a89b035a559b39b421803"},
    {file = "grpcio-1.48.1-cp36-cp36m-manylinux_2_17_x86_64.manylinux2014_x86_64.whl", hash = "sha256:f0ef1dafb4eadeaca58aec8c721a5a73d551064b0c63d57fa003e233277c642e"},
    {file = "grpcio-1.48.1-cp36-cp36m-musllinux_1_1_i686.whl", hash = "sha256:9477967e605ba08715dcc769b5ee0f0d8b22bda40ef25a0df5a8759e5a4d21a5"},
    {file = "grpcio-1.48.1-cp36-cp36m-musllinux_1_1_x86_64.whl", hash = "sha256:dbba883c2b6d63949bc98ab1950bc22cf7c8d4e8cb68de6edde49d3cccd8fd26"},
    {file = "grpcio-1.48.1-cp36-cp36m-win32.whl", hash = "sha256:8bbaa6647986b874891bc682a1093df54cbdb073b5d4b844a2b480c47c7ffafd"},
    {file = "grpcio-1.48.1-cp36-cp36m-win_amd64.whl", hash = "sha256:e02f6ba10a3d4e289fa7ae91b301783a750d118b60f17924ca05e506c7d29bc8"},
    {file = "grpcio-1.48.1-cp37-cp37m-linux_armv7l.whl", hash = "sha256:97dc35a99c61d5f35ec6457d3df0a4695ba9bb04a35686e1c254462b15c53f98"},
    {file = "grpcio-1.48.1-cp37-cp37m-macosx_10_10_x86_64.whl", hash = "sha256:ca382028cdfd2d79b7704b2acb8ae1fb54e9e1a03a6765e1895ba89a6fcfaba1"},
    {file = "grpcio-1.48.1-cp37-cp37m-manylinux_2_17_aarch64.whl", hash = "sha256:3d319a0c89ffac9b8dfc75bfe727a4c835d18bbccc14203b20eb5949c6c7d87d"},
    {file = "grpcio-1.48.1-cp37-cp37m-manylinux_2_17_i686.manylinux2014_i686.whl", hash = "sha256:a1b81849061c67c2ffaa6ed27aa3d9b0762e71e68e784e24b0330b7b1c67470a"},
    {file = "grpcio-1.48.1-cp37-cp37m-manylinux_2_17_x86_64.manylinux2014_x86_64.whl", hash = "sha256:1ff1be0474846ed15682843b187e6062f845ddfeaceb2b28972073f474f7b735"},
    {file = "grpcio-1.48.1-cp37-cp37m-musllinux_1_1_i686.whl", hash = "sha256:53b6306f9473020bc47ddf64ca704356466e63d5f88f5c2a7bf0a4692e7f03c4"},
    {file = "grpcio-1.48.1-cp37-cp37m-musllinux_1_1_x86_64.whl", hash = "sha256:dad2501603f954f222a6e555413c454a5f8d763ab910fbab3855bcdfef6b3148"},
    {file = "grpcio-1.48.1-cp37-cp37m-win32.whl", hash = "sha256:4786323555a9f2c6380cd9a9922bcfd42165a51d68d242eebfcdfdc667651c96"},
    {file = "grpcio-1.48.1-cp37-cp37m-win_amd64.whl", hash = "sha256:934aad7350d9577f4275e787f3d91d3c8ff4efffa8d6b807d343d3c891ff53eb"},
    {file = "grpcio-1.48.1-cp38-cp38-linux_armv7l.whl", hash = "sha256:2563357697f5f2d7fd80c1b07a57ef4736551327ad84de604e7b9f6c1b6b4e20"},
    {file = "grpcio-1.48.1-cp38-cp38-macosx_10_10_x86_64.whl", hash = "sha256:1d065f40fe74b52b88a6c42d4373a0983f1b0090f952a0747f34f2c11d6cbc64"},
    {file = "grpcio-1.48.1-cp38-cp38-manylinux_2_17_aarch64.whl", hash = "sha256:3340cb2224cc397954def015729391d85fb31135b5a7efca363e73e6f1b0e908"},
    {file = "grpcio-1.48.1-cp38-cp38-manylinux_2_17_i686.manylinux2014_i686.whl", hash = "sha256:d03009a26f7edca9f0a581aa5d3153242b815b858cb4790e34a955afb303c6ba"},
    {file = "grpcio-1.48.1-cp38-cp38-manylinux_2_17_x86_64.manylinux2014_x86_64.whl", hash = "sha256:53fa2fc1a1713195fa7acf7443a6f59b6ac7837607690f813c66cc18a9cb8135"},
    {file = "grpcio-1.48.1-cp38-cp38-musllinux_1_1_i686.whl", hash = "sha256:5a6a750c8324f3974e95265d3f9a0541573c537af1f67b3f6f46bf9c0b2e1b36"},
    {file = "grpcio-1.48.1-cp38-cp38-musllinux_1_1_x86_64.whl", hash = "sha256:626822d799d8fab08f07c8d95ef5c36213d24143f7cad3f548e97413db9f4110"},
    {file = "grpcio-1.48.1-cp38-cp38-win32.whl", hash = "sha256:ca5209ef89f7607be47a308fa92308cf079805ed556ecda672f00039a26e366f"},
    {file = "grpcio-1.48.1-cp38-cp38-win_amd64.whl", hash = "sha256:7cee20a4f873d61274d70c28ff63d19677d9eeea869c6a9cbaf3a00712336b6c"},
    {file = "grpcio-1.48.1-cp39-cp39-linux_armv7l.whl", hash = "sha256:460f5bec23fffa3c041aeba1f93a0f06b7a29e6a4da3658a52e1a866494920ab"},
    {file = "grpcio-1.48.1-cp39-cp39-macosx_10_10_x86_64.whl", hash = "sha256:c54734a6eb3be544d332e65c846236d02e5fc71325e8c53af91e83a46b87b506"},
    {file = "grpcio-1.48.1-cp39-cp39-manylinux_2_17_aarch64.whl", hash = "sha256:c6b6969c529521c86884a13745a4b68930db1ef2e051735c0f479d0a7adb25b6"},
    {file = "grpcio-1.48.1-cp39-cp39-manylinux_2_17_i686.manylinux2014_i686.whl", hash = "sha256:346bef672a1536d59437210f16af35389d715d2b321bfe4899b3d6476a196706"},
    {file = "grpcio-1.48.1-cp39-cp39-manylinux_2_17_x86_64.manylinux2014_x86_64.whl", hash = "sha256:f29627d66ae816837fd32c9450dc9c54780962cd74d034513ed829ba3ab46652"},
    {file = "grpcio-1.48.1-cp39-cp39-musllinux_1_1_i686.whl", hash = "sha256:b01faf7934c606d5050cf055c1d03943180f23d995d68d04cf50c80d1ef2c65a"},
    {file = "grpcio-1.48.1-cp39-cp39-musllinux_1_1_x86_64.whl", hash = "sha256:741eeff39a26d26da2b6d74ff0559f882ee95ee4e3b20c0b4b829021cb917f96"},
    {file = "grpcio-1.48.1-cp39-cp39-win32.whl", hash = "sha256:a15409bc1d05c52ecb00f5e42ab8ff280e7149f2eb854728f628fb2a0a161a5b"},
    {file = "grpcio-1.48.1-cp39-cp39-win_amd64.whl", hash = "sha256:2b6c336409937fd1cd2bf78eb72651f44d292d88da5e63059a4e8bd01b9d7411"},
    {file = "grpcio-1.48.1.tar.gz", hash = "sha256:660217eccd2943bf23ea9a36e2a292024305aec04bf747fbcff1f5032b83610e"},
]
grpcio-tools = [
    {file = "grpcio-tools-1.48.1.tar.gz", hash = "sha256:1178f2ea531f80cc2027ec64728df6ffc8e98cf1df61652a496eafd612127183"},
    {file = "grpcio_tools-1.48.1-cp310-cp310-linux_armv7l.whl", hash = "sha256:832935ea7ebb20f99bd8184fd70e0d111202043165207423f926dad22b255583"},
    {file = "grpcio_tools-1.48.1-cp310-cp310-macosx_10_10_x86_64.whl", hash = "sha256:739e3c49091175c117a26be4099145cdf85638a991d9bad8a5f9f6614ea31d61"},
    {file = "grpcio_tools-1.48.1-cp310-cp310-manylinux_2_17_aarch64.whl", hash = "sha256:42d0b2f488158cd12ed5848fc8e4b536214ff5a4f5d6ecc5ebe5edbbf064ae50"},
    {file = "grpcio_tools-1.48.1-cp310-cp310-manylinux_2_17_i686.manylinux2014_i686.whl", hash = "sha256:00b6592b04732648238dcabffd86202211e1df90e26bb4dbe2fa4882e8bf662c"},
    {file = "grpcio_tools-1.48.1-cp310-cp310-manylinux_2_17_x86_64.manylinux2014_x86_64.whl", hash = "sha256:491e87352e0be4c0e72dbecb0a52a53aa75f6a4d1dc9e53067c1cbc8833c4f5a"},
    {file = "grpcio_tools-1.48.1-cp310-cp310-musllinux_1_1_i686.whl", hash = "sha256:31877d879023bd81344d31eba6e301f1239c2ccfc5fd28d62fac2cb117194a81"},
    {file = "grpcio_tools-1.48.1-cp310-cp310-musllinux_1_1_x86_64.whl", hash = "sha256:5037a919a2689ed6f8c2a3b9cf6f1431caf0a93c730bde38f0960143f0072540"},
    {file = "grpcio_tools-1.48.1-cp310-cp310-win32.whl", hash = "sha256:951c3701157627f90ec6831ba502babb10aa0dd465a2cb00fe450a061ef10251"},
    {file = "grpcio_tools-1.48.1-cp310-cp310-win_amd64.whl", hash = "sha256:55b7de7f48c6f500c1252e6b96279c93d5bc24bcef618fd6587563e8c854527f"},
    {file = "grpcio_tools-1.48.1-cp36-cp36m-linux_armv7l.whl", hash = "sha256:590a1bc3e5997e78b57085178d8de202de977d1f01984ac907a3ffca225bb729"},
    {file = "grpcio_tools-1.48.1-cp36-cp36m-macosx_10_10_x86_64.whl", hash = "sha256:647ab95b7cecb5de392da3d70f0d49731cb90f1bd590d37a83ed6cfe06cb2a31"},
    {file = "grpcio_tools-1.48.1-cp36-cp36m-manylinux_2_17_aarch64.whl", hash = "sha256:289bb31d4ab25c49125f49bd7b048e8ce02b147ad296e8fce087814d034faf21"},
    {file = "grpcio_tools-1.48.1-cp36-cp36m-manylinux_2_17_i686.manylinux2014_i686.whl", hash = "sha256:b5da8227eeefc957c41d7c59919d35e8a1d8275941e9839566b29eb368940bee"},
    {file = "grpcio_tools-1.48.1-cp36-cp36m-manylinux_2_17_x86_64.manylinux2014_x86_64.whl", hash = "sha256:75fbf37461c337184624bec30db3a59c47514812b2f8f43a99818e44fb63243a"},
    {file = "grpcio_tools-1.48.1-cp36-cp36m-musllinux_1_1_i686.whl", hash = "sha256:ebe91db084c22143bc50967670f201bb5bf776b46227b62a97b0a75b0046aac5"},
    {file = "grpcio_tools-1.48.1-cp36-cp36m-musllinux_1_1_x86_64.whl", hash = "sha256:8ec634738c4d6220d96b293caff3115a0573c52d97581654c0a47b09d70ea958"},
    {file = "grpcio_tools-1.48.1-cp36-cp36m-win32.whl", hash = "sha256:1cb5802dc1eb33e1c5ccc86d48af6c95cfb10975851f2e4b3e5547d2e7502829"},
    {file = "grpcio_tools-1.48.1-cp36-cp36m-win_amd64.whl", hash = "sha256:1464248c6089d3c19ba82d29b515b11a43737ef73b08f73895c16959a4d537df"},
    {file = "grpcio_tools-1.48.1-cp37-cp37m-linux_armv7l.whl", hash = "sha256:247035b1d59135c13b74b203a23069564ca8202d27b21578ced6426c06e08e98"},
    {file = "grpcio_tools-1.48.1-cp37-cp37m-macosx_10_10_x86_64.whl", hash = "sha256:7dc607ee397eed06b126cadf6a86bde46bcc7da9b9a1d1ad5338b9afa6085d07"},
    {file = "grpcio_tools-1.48.1-cp37-cp37m-manylinux_2_17_aarch64.whl", hash = "sha256:b53f48cb31a6a59ea01a371ab58bd8fa83fae9c1cfafab8acb954a70f757c6b1"},
    {file = "grpcio_tools-1.48.1-cp37-cp37m-manylinux_2_17_i686.manylinux2014_i686.whl", hash = "sha256:87676b55aaf171c4922682e307e4fb8d6007c5e79bcdf1653cdf0868da17ae2a"},
    {file = "grpcio_tools-1.48.1-cp37-cp37m-manylinux_2_17_x86_64.manylinux2014_x86_64.whl", hash = "sha256:7e3230dd4f1bd79251ef086222041954ca5c27650a3d7f6589f972292461c8bf"},
    {file = "grpcio_tools-1.48.1-cp37-cp37m-musllinux_1_1_i686.whl", hash = "sha256:2bf1d3b44132bf5ec8397fdee70102edff7cf311483d58926cae3a564310d121"},
    {file = "grpcio_tools-1.48.1-cp37-cp37m-musllinux_1_1_x86_64.whl", hash = "sha256:09c295fae4fc646376b02f81a763d32900bdd16b85a8555b912d2f7472a83ad3"},
    {file = "grpcio_tools-1.48.1-cp37-cp37m-win32.whl", hash = "sha256:c4ec8447af615563a5da884b9ed93b41716b80bb01ac9183f09046ac48dbacb5"},
    {file = "grpcio_tools-1.48.1-cp37-cp37m-win_amd64.whl", hash = "sha256:5090ef3fa0288977b25fa1c5c0d15ca5d751ff206f906966c64eb3200ed6fa13"},
    {file = "grpcio_tools-1.48.1-cp38-cp38-linux_armv7l.whl", hash = "sha256:7d4ada8dc77f5db280fa476cd28263f7d7de96c4fce10f5559cde620a3363a95"},
    {file = "grpcio_tools-1.48.1-cp38-cp38-macosx_10_10_x86_64.whl", hash = "sha256:e47c663303ebc7b409f4da9073e6bef05e97b74ee47caafc08e0a2e223b95100"},
    {file = "grpcio_tools-1.48.1-cp38-cp38-manylinux_2_17_aarch64.whl", hash = "sha256:d9b854dec3e81fa5c2d601facb3b801a60bd5cbe295ef7e788a3e5824799183e"},
    {file = "grpcio_tools-1.48.1-cp38-cp38-manylinux_2_17_i686.manylinux2014_i686.whl", hash = "sha256:24bf144bafd8cdcdedcd738a3234346c4d8a3e82aee74429842fffb56920bcbf"},
    {file = "grpcio_tools-1.48.1-cp38-cp38-manylinux_2_17_x86_64.manylinux2014_x86_64.whl", hash = "sha256:920d6381ea5bc8ebf3303e57bcc7ed3a0735508f881e70a5e08a88d1a98ab34d"},
    {file = "grpcio_tools-1.48.1-cp38-cp38-musllinux_1_1_i686.whl", hash = "sha256:6c2a2796e4b6d7ae5378d8fd848a64b9541524ad5f6eea4583b879fa53d97883"},
    {file = "grpcio_tools-1.48.1-cp38-cp38-musllinux_1_1_x86_64.whl", hash = "sha256:8d7fc42b0443e8d16d740e463ea0eb77b68dec6423783738bf1e480e6475e32c"},
    {file = "grpcio_tools-1.48.1-cp38-cp38-win32.whl", hash = "sha256:eb04964c52721cb841a863a6a523bd06328a42d718371bc55d257f93390b6799"},
    {file = "grpcio_tools-1.48.1-cp38-cp38-win_amd64.whl", hash = "sha256:a0e2c5ba0a4a181eb379415affba9dc122f3f2eecdd459cc98fe311fdad9cf96"},
    {file = "grpcio_tools-1.48.1-cp39-cp39-linux_armv7l.whl", hash = "sha256:610da6278696e8f6d7831ecb9e513099f1f52dae3f40876a6049f634d4933919"},
    {file = "grpcio_tools-1.48.1-cp39-cp39-macosx_10_10_x86_64.whl", hash = "sha256:d454f4ef35b070b5bf39b65fec30b26b1f22da5b9efa4a716f7518308713ceab"},
    {file = "grpcio_tools-1.48.1-cp39-cp39-manylinux_2_17_aarch64.whl", hash = "sha256:4dfcfb3f89b0e8c98e1a65f9c0e04f5bfe69ea7eaaa22b4b99c2e3895512afc8"},
    {file = "grpcio_tools-1.48.1-cp39-cp39-manylinux_2_17_i686.manylinux2014_i686.whl", hash = "sha256:fe071e1e13088752b2e96c6caadb719d39c80d768e441e3fc73b08f8b87560ae"},
    {file = "grpcio_tools-1.48.1-cp39-cp39-manylinux_2_17_x86_64.manylinux2014_x86_64.whl", hash = "sha256:04c263723dcc1ef4c3ae0a0d0c0a7d572bca49153e02fc026ed485fc2373128f"},
    {file = "grpcio_tools-1.48.1-cp39-cp39-musllinux_1_1_i686.whl", hash = "sha256:92a7182bd96b8105a5372e8e656ab8bde8f607c5092278aba2ec2f83b8c9ab28"},
    {file = "grpcio_tools-1.48.1-cp39-cp39-musllinux_1_1_x86_64.whl", hash = "sha256:f432ae6593373cf46a0144aa6392875c5b3fd9d48bf27b5ced503c466ef496ea"},
    {file = "grpcio_tools-1.48.1-cp39-cp39-win32.whl", hash = "sha256:a53b033e38e60671c0c22a296ae9fd2b025a196e153c6d6b9a3aa20b11bedfcf"},
    {file = "grpcio_tools-1.48.1-cp39-cp39-win_amd64.whl", hash = "sha256:306bd078d20739026e481ef9f353e5b3025a761b443e96a47e5c5db7e3cdcd8a"},
]
protobuf = [
    {file = "protobuf-3.20.3-cp310-cp310-manylinux2014_aarch64.whl", hash = "sha256:f4bd856d702e5b0d96a00ec6b307b0f51c1982c2bf9c0052cf9019e9a544ba99"},
    {file = "protobuf-3.20.3-cp310-cp310-manylinux_2_12_x86_64.manylinux2010_x86_64.whl", hash = "sha256:9aae4406ea63d825636cc11ffb34ad3379335803216ee3a856787bcf5ccc751e"},
    {file = "protobuf-3.20.3-cp310-cp310-win32.whl", hash = "sha256:28545383d61f55b57cf4df63eebd9827754fd2dc25f80c5253f9184235db242c"},
    {file = "protobuf-3.20.3-cp310-cp310-win_amd64.whl", hash = "sha256:67a3598f0a2dcbc58d02dd1928544e7d88f764b47d4a286202913f0b2801c2e7"},
    {file = "protobuf-3.20.3-cp36-cp36m-manylinux_2_5_x86_64.manylinux1_x86_64.whl", hash = "sha256:899dc660cd599d7352d6f10d83c95df430a38b410c1b66b407a6b29265d66469"},
    {file = "protobuf-3.20.3-cp37-cp37m-macosx_10_9_x86_64.whl", hash = "sha256:e64857f395505ebf3d2569935506ae0dfc4a15cb80dc25261176c784662cdcc4"},
    {file = "protobuf-3.20.3-cp37-cp37m-manylinux2014_aarch64.whl", hash = "sha256:d9e4432ff660d67d775c66ac42a67cf2453c27cb4d738fc22cb53b5d84c135d4"},
    {file = "protobuf-3.20.3-cp37-cp37m-manylinux_2_5_x86_64.manylinux1_x86_64.whl", hash = "sha256:74480f79a023f90dc6e18febbf7b8bac7508420f2006fabd512013c0c238f454"},
    {file = "protobuf-3.20.3-cp37-cp37m-win32.whl", hash = "sha256:b6cc7ba72a8850621bfec987cb72623e703b7fe2b9127a161ce61e61558ad905"},
    {file = "protobuf-3.20.3-cp37-cp37m-win_amd64.whl", hash = "sha256:8c0c984a1b8fef4086329ff8dd19ac77576b384079247c770f29cc8ce3afa06c"},
    {file = "protobuf-3.20.3-cp38-cp38-macosx_10_9_x86_64.whl", hash = "sha256:de78575669dddf6099a8a0f46a27e82a1783c557ccc38ee620ed8cc96d3be7d7"},
    {file = "protobuf-3.20.3-cp38-cp38-manylinux2014_aarch64.whl", hash = "sha256:f4c42102bc82a51108e449cbb32b19b180022941c727bac0cfd50170341f16ee"},
    {file = "protobuf-3.20.3-cp38-cp38-manylinux_2_5_x86_64.manylinux1_x86_64.whl", hash = "sha256:44246bab5dd4b7fbd3c0c80b6f16686808fab0e4aca819ade6e8d294a29c7050"},
    {file = "protobuf-3.20.3-cp38-cp38-win32.whl", hash = "sha256:c02ce36ec760252242a33967d51c289fd0e1c0e6e5cc9397e2279177716add86"},
    {file = "protobuf-3.20.3-cp38-cp38-win_amd64.whl", hash = "sha256:447d43819997825d4e71bf5769d869b968ce96848b6479397e29fc24c4a5dfe9"},
    {file = "protobuf-3.20.3-cp39-cp39-macosx_10_9_x86_64.whl", hash = "sha256:398a9e0c3eaceb34ec1aee71894ca3299605fa8e761544934378bbc6c97de23b"},
    {file = "protobuf-3.20.3-cp39-cp39-manylinux2014_aarch64.whl", hash = "sha256:bf01b5720be110540be4286e791db73f84a2b721072a3711efff6c324cdf074b"},
    {file = "protobuf-3.20.3-cp39-cp39-manylinux_2_5_x86_64.manylinux1_x86_64.whl", hash = "sha256:daa564862dd0d39c00f8086f88700fdbe8bc717e993a21e90711acfed02f2402"},
    {file = "protobuf-3.20.3-cp39-cp39-win32.whl", hash = "sha256:819559cafa1a373b7096a482b504ae8a857c89593cf3a25af743ac9ecbd23480"},
    {file = "protobuf-3.20.3-cp39-cp39-win_amd64.whl", hash = "sha256:03038ac1cfbc41aa21f6afcbcd357281d7521b4157926f30ebecc8d4ea59dcb7"},
    {file = "protobuf-3.20.3-py2.py3-none-any.whl", hash = "sha256:a7ca6d488aa8ff7f329d4c545b2dbad8ac31464f1d8b1c87ad1346717731e4db"},
    {file = "protobuf-3.20.3.tar.gz", hash = "sha256:2e3427429c9cffebf259491be0af70189607f365c2f41c7c3764af6f337105f2"},
]
setuptools = [
    {file = "setuptools-65.4.1-py3-none-any.whl", hash = "sha256:1b6bdc6161661409c5f21508763dc63ab20a9ac2f8ba20029aaaa7fdb9118012"},
    {file = "setuptools-65.4.1.tar.gz", hash = "sha256:3050e338e5871e70c72983072fe34f6032ae1cdeeeb67338199c2f74e083a80e"},
]
six = [
    {file = "six-1.16.0-py2.py3-none-any.whl", hash = "sha256:8abb2f1d86890a2dfb989f9a77cfcfd3e47c2a354b01111771326f8aa26e0254"},
    {file = "six-1.16.0.tar.gz", hash = "sha256:1e61c37477a1626458e36f7b1d82aa5c9b094fa4802892072e49de9c60c4c926"},
]
